
Microsoft Visual Studio Solution File, Format Version 12.00
# Visual Studio Version 17
VisualStudioVersion = 17.0.32112.339
MinimumVisualStudioVersion = 10.0.40219.1
Project("{FAE04EC0-301F-11D3-BF4B-00C04F79EFBC}") = "ASCIIArtMaster", "ASCIIArtMaster\ASCIIArtMaster.csproj", "{23A235AA-DC94-4D59-8BB7-036A49E15222}"
EndProject
Global
	GlobalSection(SolutionConfigurationPlatforms) = preSolution
		Debug|Any CPU = Debug|Any CPU
		Release|Any CPU = Release|Any CPU
	EndGlobalSection
	GlobalSection(ProjectConfigurationPlatforms) = postSolution
		{23A235AA-DC94-4D59-8BB7-036A49E15222}.Debug|Any CPU.ActiveCfg = Debug|Any CPU
		{23A235AA-DC94-4D59-8BB7-036A49E15222}.Debug|Any CPU.Build.0 = Debug|Any CPU
		{23A235AA-DC94-4D59-8BB7-036A49E15222}.Release|Any CPU.ActiveCfg = Release|Any CPU
		{23A235AA-DC94-4D59-8BB7-036A49E15222}.Release|Any CPU.Build.0 = Release|Any CPU
	EndGlobalSection
	GlobalSection(SolutionProperties) = preSolution
		HideSolutionNode = FALSE
	EndGlobalSection
	GlobalSection(ExtensibilityGlobals) = postSolution
		SolutionGuid = {005F9F07-88DB-4066-AFEC-E4196ABC1C58}
	EndGlobalSection
EndGlobal
